
Microsoft Visual Studio Solution File, Format Version 12.00
# Visual Studio Version 17
VisualStudioVersion = 17.0.32112.339
MinimumVisualStudioVersion = 10.0.40219.1
Project("{2150E333-8FDC-42A3-9474-1A3956D46DE8}") = "src", "src", "{5397225E-5B90-419C-9E08-7E13CD4D7998}"
EndProject
Project("{2150E333-8FDC-42A3-9474-1A3956D46DE8}") = "test", "test", "{86C3B894-27A4-485C-9BF4-231951383B16}"
EndProject
Project("{2150E333-8FDC-42A3-9474-1A3956D46DE8}") = "1. Backend", "1. Backend", "{3F85283D-F922-4FBF-83F8-BCBDEEA08119}"
EndProject
Project("{2150E333-8FDC-42A3-9474-1A3956D46DE8}") = "2. Application", "2. Application", "{1423DEE9-5C66-4EFC-A788-E74CBACBBCF7}"
EndProject
Project("{2150E333-8FDC-42A3-9474-1A3956D46DE8}") = "3. Domain", "3. Domain", "{7F35BA37-DAFB-42B9-9CFA-2BA105525E12}"
EndProject
Project("{2150E333-8FDC-42A3-9474-1A3956D46DE8}") = "5. Infrastructure", "5. Infrastructure", "{02F88B98-5EBE-45DB-BA53-A755B744D2D2}"
EndProject
Project("{2150E333-8FDC-42A3-9474-1A3956D46DE8}") = "6. CrossCutting", "6. CrossCutting", "{5FC1B6D3-E78E-4A47-BCAA-2BC052C1CE44}"
EndProject
Project("{2150E333-8FDC-42A3-9474-1A3956D46DE8}") = "1. Unit", "1. Unit", "{F3525692-C6D2-4982-B052-0E84434D3A93}"
EndProject
Project("{2150E333-8FDC-42A3-9474-1A3956D46DE8}") = "2. Integration", "2. Integration", "{3C7FD8E1-9E17-4E81-9B60-6FF1D5EFD898}"
EndProject
Project("{9A19103F-16F7-4668-BE54-9A1E7A4F7556}") = "RoyalLibrary.Api", "src\RoyalLibrary.Api\RoyalLibrary.Api.csproj", "{0919C51E-3BB4-4E43-850F-251CED161AD8}"
EndProject
Project("{9A19103F-16F7-4668-BE54-9A1E7A4F7556}") = "RoyalLibrary.Application", "src\RoyalLibrary.Application\RoyalLibrary.Application.csproj", "{C9FA9D7F-296B-480E-A68D-1F7DCB5BB95B}"
EndProject
Project("{9A19103F-16F7-4668-BE54-9A1E7A4F7556}") = "RoyalLibrary.Domain", "src\RoyalLibrary.Domain\RoyalLibrary.Domain.csproj", "{A66159AC-FE8A-44D6-BF60-0B266EEBD770}"
EndProject
Project("{9A19103F-16F7-4668-BE54-9A1E7A4F7556}") = "RoyalLibrary.CrossCutting", "src\RoyalLibrary.CrossCutting\RoyalLibrary.CrossCutting.csproj", "{7336D9A5-A248-4DB0-84ED-3AD4FF975D79}"
EndProject
Project("{9A19103F-16F7-4668-BE54-9A1E7A4F7556}") = "RoyalLibrary.UnitTests.Base", "test\unit\RoyalLibrary.UnitTests.Base\RoyalLibrary.UnitTests.Base.csproj", "{2877CDCC-7162-4789-9FFA-DC47816B63C2}"
EndProject
Project("{9A19103F-16F7-4668-BE54-9A1E7A4F7556}") = "RoyalLibrary.UnitTests", "test\unit\RoyalLibrary.UnitTests\RoyalLibrary.UnitTests.csproj", "{AC550D24-9230-436C-B794-CB8667E9A8E1}"
EndProject
Project("{9A19103F-16F7-4668-BE54-9A1E7A4F7556}") = "RoyalLibrary.IntegrationTests.Base", "test\integration\RoyalLibrary.IntegrationTests.Base\RoyalLibrary.IntegrationTests.Base.csproj", "{5936C6C2-9C6A-419D-A632-B1731CE7C7AF}"
EndProject
Project("{9A19103F-16F7-4668-BE54-9A1E7A4F7556}") = "RoyalLibrary.IntegrationTests", "test\integration\RoyalLibrary.IntegrationTests\RoyalLibrary.IntegrationTests.csproj", "{439D959E-7057-4072-BC8E-987EDD610CC6}"
EndProject
Project("{9A19103F-16F7-4668-BE54-9A1E7A4F7556}") = "RoyalLibrary.Infra", "src\RoyalLibrary.Infra\RoyalLibrary.Infra.csproj", "{512934A8-E870-4E01-80BD-83FCD8BB3F53}"
EndProject
Project("{2150E333-8FDC-42A3-9474-1A3956D46DE8}") = "4. Service", "4. Service", "{2E387012-B63C-4B72-AFD5-0E2E41EA29AE}"
EndProject
Project("{9A19103F-16F7-4668-BE54-9A1E7A4F7556}") = "RoyalLibrary.Sevice", "src\RoyalLibrary.Sevice\RoyalLibrary.Sevice.csproj", "{75C195DC-31D9-47B8-8D72-0A00FB9A9F90}"
EndProject
Global
	GlobalSection(SolutionConfigurationPlatforms) = preSolution
		Debug|Any CPU = Debug|Any CPU
		Release|Any CPU = Release|Any CPU
	EndGlobalSection
	GlobalSection(ProjectConfigurationPlatforms) = postSolution
		{0919C51E-3BB4-4E43-850F-251CED161AD8}.Debug|Any CPU.ActiveCfg = Debug|Any CPU
		{0919C51E-3BB4-4E43-850F-251CED161AD8}.Debug|Any CPU.Build.0 = Debug|Any CPU
		{0919C51E-3BB4-4E43-850F-251CED161AD8}.Release|Any CPU.ActiveCfg = Release|Any CPU
		{0919C51E-3BB4-4E43-850F-251CED161AD8}.Release|Any CPU.Build.0 = Release|Any CPU
		{C9FA9D7F-296B-480E-A68D-1F7DCB5BB95B}.Debug|Any CPU.ActiveCfg = Debug|Any CPU
		{C9FA9D7F-296B-480E-A68D-1F7DCB5BB95B}.Debug|Any CPU.Build.0 = Debug|Any CPU
		{C9FA9D7F-296B-480E-A68D-1F7DCB5BB95B}.Release|Any CPU.ActiveCfg = Release|Any CPU
		{C9FA9D7F-296B-480E-A68D-1F7DCB5BB95B}.Release|Any CPU.Build.0 = Release|Any CPU
		{A66159AC-FE8A-44D6-BF60-0B266EEBD770}.Debug|Any CPU.ActiveCfg = Debug|Any CPU
		{A66159AC-FE8A-44D6-BF60-0B266EEBD770}.Debug|Any CPU.Build.0 = Debug|Any CPU
		{A66159AC-FE8A-44D6-BF60-0B266EEBD770}.Release|Any CPU.ActiveCfg = Release|Any CPU
		{A66159AC-FE8A-44D6-BF60-0B266EEBD770}.Release|Any CPU.Build.0 = Release|Any CPU
		{7336D9A5-A248-4DB0-84ED-3AD4FF975D79}.Debug|Any CPU.ActiveCfg = Debug|Any CPU
		{7336D9A5-A248-4DB0-84ED-3AD4FF975D79}.Debug|Any CPU.Build.0 = Debug|Any CPU
		{7336D9A5-A248-4DB0-84ED-3AD4FF975D79}.Release|Any CPU.ActiveCfg = Release|Any CPU
		{7336D9A5-A248-4DB0-84ED-3AD4FF975D79}.Release|Any CPU.Build.0 = Release|Any CPU
		{2877CDCC-7162-4789-9FFA-DC47816B63C2}.Debug|Any CPU.ActiveCfg = Debug|Any CPU
		{2877CDCC-7162-4789-9FFA-DC47816B63C2}.Debug|Any CPU.Build.0 = Debug|Any CPU
		{2877CDCC-7162-4789-9FFA-DC47816B63C2}.Release|Any CPU.ActiveCfg = Release|Any CPU
		{2877CDCC-7162-4789-9FFA-DC47816B63C2}.Release|Any CPU.Build.0 = Release|Any CPU
		{AC550D24-9230-436C-B794-CB8667E9A8E1}.Debug|Any CPU.ActiveCfg = Debug|Any CPU
		{AC550D24-9230-436C-B794-CB8667E9A8E1}.Debug|Any CPU.Build.0 = Debug|Any CPU
		{AC550D24-9230-436C-B794-CB8667E9A8E1}.Release|Any CPU.ActiveCfg = Release|Any CPU
		{AC550D24-9230-436C-B794-CB8667E9A8E1}.Release|Any CPU.Build.0 = Release|Any CPU
		{5936C6C2-9C6A-419D-A632-B1731CE7C7AF}.Debug|Any CPU.ActiveCfg = Debug|Any CPU
		{5936C6C2-9C6A-419D-A632-B1731CE7C7AF}.Debug|Any CPU.Build.0 = Debug|Any CPU
		{5936C6C2-9C6A-419D-A632-B1731CE7C7AF}.Release|Any CPU.ActiveCfg = Release|Any CPU
		{5936C6C2-9C6A-419D-A632-B1731CE7C7AF}.Release|Any CPU.Build.0 = Release|Any CPU
		{439D959E-7057-4072-BC8E-987EDD610CC6}.Debug|Any CPU.ActiveCfg = Debug|Any CPU
		{439D959E-7057-4072-BC8E-987EDD610CC6}.Debug|Any CPU.Build.0 = Debug|Any CPU
		{439D959E-7057-4072-BC8E-987EDD610CC6}.Release|Any CPU.ActiveCfg = Release|Any CPU
		{439D959E-7057-4072-BC8E-987EDD610CC6}.Release|Any CPU.Build.0 = Release|Any CPU
		{512934A8-E870-4E01-80BD-83FCD8BB3F53}.Debug|Any CPU.ActiveCfg = Debug|Any CPU
		{512934A8-E870-4E01-80BD-83FCD8BB3F53}.Debug|Any CPU.Build.0 = Debug|Any CPU
		{512934A8-E870-4E01-80BD-83FCD8BB3F53}.Release|Any CPU.ActiveCfg = Release|Any CPU
		{512934A8-E870-4E01-80BD-83FCD8BB3F53}.Release|Any CPU.Build.0 = Release|Any CPU
		{75C195DC-31D9-47B8-8D72-0A00FB9A9F90}.Debug|Any CPU.ActiveCfg = Debug|Any CPU
		{75C195DC-31D9-47B8-8D72-0A00FB9A9F90}.Debug|Any CPU.Build.0 = Debug|Any CPU
		{75C195DC-31D9-47B8-8D72-0A00FB9A9F90}.Release|Any CPU.ActiveCfg = Release|Any CPU
		{75C195DC-31D9-47B8-8D72-0A00FB9A9F90}.Release|Any CPU.Build.0 = Release|Any CPU
	EndGlobalSection
	GlobalSection(SolutionProperties) = preSolution
		HideSolutionNode = FALSE
	EndGlobalSection
	GlobalSection(NestedProjects) = preSolution
		{3F85283D-F922-4FBF-83F8-BCBDEEA08119} = {5397225E-5B90-419C-9E08-7E13CD4D7998}
		{1423DEE9-5C66-4EFC-A788-E74CBACBBCF7} = {5397225E-5B90-419C-9E08-7E13CD4D7998}
		{7F35BA37-DAFB-42B9-9CFA-2BA105525E12} = {5397225E-5B90-419C-9E08-7E13CD4D7998}
		{02F88B98-5EBE-45DB-BA53-A755B744D2D2} = {5397225E-5B90-419C-9E08-7E13CD4D7998}
		{5FC1B6D3-E78E-4A47-BCAA-2BC052C1CE44} = {5397225E-5B90-419C-9E08-7E13CD4D7998}
		{F3525692-C6D2-4982-B052-0E84434D3A93} = {86C3B894-27A4-485C-9BF4-231951383B16}
		{3C7FD8E1-9E17-4E81-9B60-6FF1D5EFD898} = {86C3B894-27A4-485C-9BF4-231951383B16}
		{0919C51E-3BB4-4E43-850F-251CED161AD8} = {3F85283D-F922-4FBF-83F8-BCBDEEA08119}
		{C9FA9D7F-296B-480E-A68D-1F7DCB5BB95B} = {1423DEE9-5C66-4EFC-A788-E74CBACBBCF7}
		{A66159AC-FE8A-44D6-BF60-0B266EEBD770} = {7F35BA37-DAFB-42B9-9CFA-2BA105525E12}
		{7336D9A5-A248-4DB0-84ED-3AD4FF975D79} = {5FC1B6D3-E78E-4A47-BCAA-2BC052C1CE44}
		{2877CDCC-7162-4789-9FFA-DC47816B63C2} = {F3525692-C6D2-4982-B052-0E84434D3A93}
		{AC550D24-9230-436C-B794-CB8667E9A8E1} = {F3525692-C6D2-4982-B052-0E84434D3A93}
		{5936C6C2-9C6A-419D-A632-B1731CE7C7AF} = {3C7FD8E1-9E17-4E81-9B60-6FF1D5EFD898}
		{439D959E-7057-4072-BC8E-987EDD610CC6} = {3C7FD8E1-9E17-4E81-9B60-6FF1D5EFD898}
		{512934A8-E870-4E01-80BD-83FCD8BB3F53} = {02F88B98-5EBE-45DB-BA53-A755B744D2D2}
		{2E387012-B63C-4B72-AFD5-0E2E41EA29AE} = {5397225E-5B90-419C-9E08-7E13CD4D7998}
		{75C195DC-31D9-47B8-8D72-0A00FB9A9F90} = {2E387012-B63C-4B72-AFD5-0E2E41EA29AE}
	EndGlobalSection
	GlobalSection(ExtensibilityGlobals) = postSolution
		SolutionGuid = {154D3782-5A4F-43CF-96B1-C6CC6B26C8AE}
	EndGlobalSection
EndGlobal
